// !$*UTF8*$!
{
	archiveVersion = 1;
	classes = {
	};
	objectVersion = 46;
	objects = {

/* Begin PBXBuildFile section */
		299DFDC21D8FE202004578FC /* main.cpp in Sources */ = {isa = PBXBuildFile; fileRef = 299DFDC11D8FE202004578FC /* main.cpp */; };
/* End PBXBuildFile section */

/* Begin PBXCopyFilesBuildPhase section */
		299DFDBC1D8FE202004578FC /* CopyFiles */ = {
			isa = PBXCopyFilesBuildPhase;
			buildActionMask = 2147483647;
			dstPath = /usr/share/man/man1/;
			dstSubfolderSpec = 0;
			files = (
			);
			runOnlyForDeploymentPostprocessing = 1;
		};
/* End PBXCopyFilesBuildPhase section */

/* Begin PBXFileReference section */
		299DFDBE1D8FE202004578FC /* 001.TwoNum */ = {isa = PBXFileReference; explicitFileType = "compiled.mach-o.executable"; includeInIndex = 0; path = 001.TwoNum; sourceTree = BUILT_PRODUCTS_DIR; };
		299DFDC11D8FE202004578FC /* main.cpp */ = {isa = PBXFileReference; lastKnownFileType = sourcecode.cpp.cpp; path = main.cpp; sourceTree = "<group>"; };
		299DFDC81D8FE252004578FC /* solution.h */ = {isa = PBXFileReference; lastKnownFileType = sourcecode.c.h; path = solution.h; sourceTree = "<group>"; };
/* End PBXFileReference section */

/* Begin PBXFrameworksBuildPhase section */
		299DFDBB1D8FE202004578FC /* Frameworks */ = {
			isa = PBXFrameworksBuildPhase;
			buildActionMask = 2147483647;
			files = (
			);
			runOnlyForDeploymentPostprocessing = 0;
		};
/* End PBXFrameworksBuildPhase section */

/* Begin PBXGroup section */
		299DFDB51D8FE202004578FC = {
			isa = PBXGroup;
			children = (
				299DFDC01D8FE202004578FC /* 001.TwoNum */,
				299DFDBF1D8FE202004578FC /* Products */,
			);
			sourceTree = "<group>";
		};
		299DFDBF1D8FE202004578FC /* Products */ = {
			isa = PBXGroup;
			children = (
				299DFDBE1D8FE202004578FC /* 001.TwoNum */,
			);
			name = Products;
			sourceTree = "<group>";
		};
		299DFDC01D8FE202004578FC /* 001.TwoNum */ = {
			isa = PBXGroup;
			children = (
				299DFDC11D8FE202004578FC /* main.cpp */,
				299DFDC81D8FE252004578FC /* solution.h */,
			);
			path = 001.TwoNum;
			sourceTree = "<group>";
		};
/* End PBXGroup section */

/* Begin PBXNativeTarget section */
		299DFDBD1D8FE202004578FC /* 001.TwoNum */ = {
			isa = PBXNativeTarget;
			buildConfigurationList = 299DFDC51D8FE202004578FC /* Build configuration list for PBXNativeTarget "001.TwoNum" */;
			buildPhases = (
				299DFDBA1D8FE202004578FC /* Sources */,
				299DFDBB1D8FE202004578FC /* Frameworks */,
				299DFDBC1D8FE202004578FC /* CopyFiles */,
			);
			buildRules = (
			);
			dependencies = (
			);
			name = 001.TwoNum;
			productName = 001.TwoNum;
			productReference = 299DFDBE1D8FE202004578FC /* 001.TwoNum */;
			productType = "com.apple.product-type.tool";
		};
/* End PBXNativeTarget section */

/* Begin PBXProject section */
		299DFDB61D8FE202004578FC /* Project object */ = {
			isa = PBXProject;
			attributes = {
				LastUpgradeCheck = 0720;
				ORGANIZATIONNAME = wjq;
				TargetAttributes = {
					299DFDBD1D8FE202004578FC = {
						CreatedOnToolsVersion = 7.2.1;
					};
				};
			};
			buildConfigurationList = 299DFDB91D8FE202004578FC /* Build configuration list for PBXProject "001.TwoNum" */;
			compatibilityVersion = "Xcode 3.2";
			developmentRegion = English;
			hasScannedForEncodings = 0;
			knownRegions = (
				en,
			);
			mainGroup = 299DFDB51D8FE202004578FC;
			productRefGroup = 299DFDBF1D8FE202004578FC /* Products */;
			projectDirPath = "";
			projectRoot = "";
			targets = (
				299DFDBD1D8FE202004578FC /* 001.TwoNum */,
			);
		};
/* End PBXProject section */

/* Begin PBXSourcesBuildPhase section */
		299DFDBA1D8FE202004578FC /* Sources */ = {
			isa = PBXSourcesBuildPhase;
			buildActionMask = 2147483647;
			files = (
				299DFDC21D8FE202004578FC /* main.cpp in Sources */,
			);
			runOnlyForDeploymentPostprocessing = 0;
		};
/* End PBXSourcesBuildPhase section */

/* Begin XCBuildConfiguration section */
		299DFDC31D8FE202004578FC /* Debug */ = {
			isa = XCBuildConfiguration;
			buildSettings = {
				ALWAYS_SEARCH_USER_PATHS = NO;
				CLANG_CXX_LANGUAGE_STANDARD = "gnu++0x";
				CLANG_CXX_LIBRARY = "libc++";
				CLANG_ENABLE_MODULES = YES;
				CLANG_ENABLE_OBJC_ARC = YES;
				CLANG_WARN_BOOL_CONVERSION = YES;
				CLANG_WARN_CONSTANT_CONVERSION = YES;
				CLANG_WARN_DIRECT_OBJC_ISA_USAGE = YES_ERROR;
				CLANG_WARN_EMPTY_BODY = YES;
				CLANG_WARN_ENUM_CONVERSION = YES;
				CLANG_WARN_INT_CONVERSION = YES;
				CLANG_WARN_OBJC_ROOT_CLASS = YES_ERROR;
				CLANG_WARN_UNREACHABLE_CODE = YES;
				CLANG_WARN__DUPLICATE_METHOD_MATCH = YES;
				CODE_SIGN_IDENTITY = "-";
				COPY_PHASE_STRIP = NO;
				DEBUG_INFORMATION_FORMAT = dwarf;
				ENABLE_STRICT_OBJC_MSGSEND = YES;
				ENABLE_TESTABILITY = YES;
				GCC_C_LANGUAGE_STANDARD = gnu99;
				GCC_DYNAMIC_NO_PIC = NO;
				GCC_NO_COMMON_BLOCKS = YES;
				GCC_OPTIMIZATION_LEVEL = 0;
				GCC_PREPROCESSOR_DEFINITIONS = (
					"DEBUG=1",
					"$(inherited)",
				);
				GCC_WARN_64_TO_32_BIT_CONVERSION = YES;
				GCC_WARN_ABOUT_RETURN_TYPE = YES_ERROR;
				GCC_WARN_UNDECLARED_SELECTOR = YES;
				GCC_WARN_UNINITIALIZED_AUTOS = YES_AGGRESSIVE;
				GCC_WARN_UNUSED_FUNCTION = YES;
				GCC_WARN_UNUSED_VARIABLE = YES;
				MACOSX_DEPLOYMENT_TARGET = 10.10;
				MTL_ENABLE_DEBUG_INFO = YES;
				ONLY_ACTIVE_ARCH = YES;
				SDKROOT = macosx;
			};
			name = Debug;
		};
		299DFDC41D8FE202004578FC /* Release */ = {
			isa = XCBuildConfiguration;
			buildSettings = {
				ALWAYS_SEARCH_USER_PATHS = NO;
				CLANG_CXX_LANGUAGE_STANDARD = "gnu++0x";
				CLANG_CXX_LIBRARY = "libc++";
				CLANG_ENABLE_MODULES = YES;
				CLANG_ENABLE_OBJC_ARC = YES;
				CLANG_WARN_BOOL_CONVERSION = YES;
				CLANG_WARN_CONSTANT_CONVERSION = YES;
				CLANG_WARN_DIRECT_OBJC_ISA_USAGE = YES_ERROR;
				CLANG_WARN_EMPTY_BODY = YES;
				CLANG_WARN_ENUM_CONVERSION = YES;
				CLANG_WARN_INT_CONVERSION = YES;
				CLANG_WARN_OBJC_ROOT_CLASS = YES_ERROR;
				CLANG_WARN_UNREACHABLE_CODE = YES;
				CLANG_WARN__DUPLICATE_METHOD_MATCH = YES;
				CODE_SIGN_IDENTITY = "-";
				COPY_PHASE_STRIP = NO;
				DEBUG_INFORMATION_FORMAT = "dwarf-with-dsym";
				ENABLE_NS_ASSERTIONS = NO;
				ENABLE_STRICT_OBJC_MSGSEND = YES;
				GCC_C_LANGUAGE_STANDARD = gnu99;
				GCC_NO_COMMON_BLOCKS = YES;
				GCC_WARN_64_TO_32_BIT_CONVERSION = YES;
				GCC_WARN_ABOUT_RETURN_TYPE = YES_ERROR;
				GCC_WARN_UNDECLARED_SELECTOR = YES;
				GCC_WARN_UNINITIALIZED_AUTOS = YES_AGGRESSIVE;
				GCC_WARN_UNUSED_FUNCTION = YES;
				GCC_WARN_UNUSED_VARIABLE = YES;
				MACOSX_DEPLOYMENT_TARGET = 10.10;
				MTL_ENABLE_DEBUG_INFO = NO;
				SDKROOT = macosx;
			};
			name = Release;
		};
		299DFDC61D8FE202004578FC /* Debug */ = {
			isa = XCBuildConfiguration;
			buildSettings = {
				PRODUCT_NAME = "$(TARGET_NAME)";
			};
			name = Debug;
		};
		299DFDC71D8FE202004578FC /* Release */ = {
			isa = XCBuildConfiguration;
			buildSettings = {
				PRODUCT_NAME = "$(TARGET_NAME)";
			};
			name = Release;
		};
/* End XCBuildConfiguration section */

/* Begin XCConfigurationList section */
		299DFDB91D8FE202004578FC /* Build configuration list for PBXProject "001.TwoNum" */ = {
			isa = XCConfigurationList;
			buildConfigurations = (
				299DFDC31D8FE202004578FC /* Debug */,
				299DFDC41D8FE202004578FC /* Release */,
			);
			defaultConfigurationIsVisible = 0;
			defaultConfigurationName = Release;
		};
		299DFDC51D8FE202004578FC /* Build configuration list for PBXNativeTarget "001.TwoNum" */ = {
			isa = XCConfigurationList;
			buildConfigurations = (
				299DFDC61D8FE202004578FC /* Debug */,
				299DFDC71D8FE202004578FC /* Release */,
			);
			defaultConfigurationIsVisible = 0;
		};
/* End XCConfigurationList section */
	};
	rootObject = 299DFDB61D8FE202004578FC /* Project object */;
}
